
Microsoft Visual Studio Solution File, Format Version 12.00
# Visual Studio Version 17
VisualStudioVersion = 17.9.34728.123
MinimumVisualStudioVersion = 10.0.40219.1
Project("{9A19103F-16F7-4668-BE54-9A1E7A4F7556}") = "AreaCalculator", "AreaCalculator\AreaCalculator.csproj", "{D245FFA6-6014-4D05-9892-2F9F0F27E7F5}"
EndProject
Project("{FAE04EC0-301F-11D3-BF4B-00C04F79EFBC}") = "ShapeAreaTests", "ShapeAreaTests\ShapeAreaTests.csproj", "{A0B43ABD-176D-4B0B-ACC5-4EE17CF0F1C0}"
EndProject
Global
	GlobalSection(SolutionConfigurationPlatforms) = preSolution
		Debug|Any CPU = Debug|Any CPU
		Release|Any CPU = Release|Any CPU
	EndGlobalSection
	GlobalSection(ProjectConfigurationPlatforms) = postSolution
		{D245FFA6-6014-4D05-9892-2F9F0F27E7F5}.Debug|Any CPU.ActiveCfg = Debug|Any CPU
		{D245FFA6-6014-4D05-9892-2F9F0F27E7F5}.Debug|Any CPU.Build.0 = Debug|Any CPU
		{D245FFA6-6014-4D05-9892-2F9F0F27E7F5}.Release|Any CPU.ActiveCfg = Release|Any CPU
		{D245FFA6-6014-4D05-9892-2F9F0F27E7F5}.Release|Any CPU.Build.0 = Release|Any CPU
		{A0B43ABD-176D-4B0B-ACC5-4EE17CF0F1C0}.Debug|Any CPU.ActiveCfg = Debug|Any CPU
		{A0B43ABD-176D-4B0B-ACC5-4EE17CF0F1C0}.Debug|Any CPU.Build.0 = Debug|Any CPU
		{A0B43ABD-176D-4B0B-ACC5-4EE17CF0F1C0}.Release|Any CPU.ActiveCfg = Release|Any CPU
		{A0B43ABD-176D-4B0B-ACC5-4EE17CF0F1C0}.Release|Any CPU.Build.0 = Release|Any CPU
	EndGlobalSection
	GlobalSection(SolutionProperties) = preSolution
		HideSolutionNode = FALSE
	EndGlobalSection
	GlobalSection(ExtensibilityGlobals) = postSolution
		SolutionGuid = {67560881-9ADE-45FA-A169-775B1B9FB1FE}
	EndGlobalSection
EndGlobal
